// !$*UTF8*$!
{
	archiveVersion = 1;
	classes = {
	};
	objectVersion = 77;
	objects = {

/* Begin PBXContainerItemProxy section */
		F648A70E2EA92A0A00AF7DF1 /* PBXContainerItemProxy */ = {
			isa = PBXContainerItemProxy;
			containerPortal = F648A6EF2EA92A0900AF7DF1 /* Project object */;
			proxyType = 1;
			remoteGlobalIDString = F648A6F62EA92A0900AF7DF1;
			remoteInfo = Randomizer;
		};
		F648A7182EA92A0A00AF7DF1 /* PBXContainerItemProxy */ = {
			isa = PBXContainerItemProxy;
			containerPortal = F648A6EF2EA92A0900AF7DF1 /* Project object */;
			proxyType = 1;
			remoteGlobalIDString = F648A6F62EA92A0900AF7DF1;
			remoteInfo = Randomizer;
		};
/* End PBXContainerItemProxy section */

/* Begin PBXFileReference section */
		F648A6F72EA92A0900AF7DF1 /* Randomizer.app */ = {isa = PBXFileReference; explicitFileType = wrapper.application; includeInIndex = 0; path = Randomizer.app; sourceTree = BUILT_PRODUCTS_DIR; };
		F648A70D2EA92A0A00AF7DF1 /* RandomizerTests.xctest */ = {isa = PBXFileReference; explicitFileType = wrapper.cfbundle; includeInIndex = 0; path = RandomizerTests.xctest; sourceTree = BUILT_PRODUCTS_DIR; };
		F648A7172EA92A0A00AF7DF1 /* RandomizerUITests.xctest */ = {isa = PBXFileReference; explicitFileType = wrapper.cfbundle; includeInIndex = 0; path = RandomizerUITests.xctest; sourceTree = BUILT_PRODUCTS_DIR; };
/* End PBXFileReference section */

/* Begin PBXFileSystemSynchronizedBuildFileExceptionSet section */
		F648A71F2EA92A0A00AF7DF1 /* Exceptions for "Randomizer" folder in "Randomizer" target */ = {
			isa = PBXFileSystemSynchronizedBuildFileExceptionSet;
			membershipExceptions = (
				Info.plist,
			);
			target = F648A6F62EA92A0900AF7DF1 /* Randomizer */;
		};
/* End PBXFileSystemSynchronizedBuildFileExceptionSet section */

/* Begin PBXFileSystemSynchronizedRootGroup section */
		F648A6F92EA92A0900AF7DF1 /* Randomizer */ = {
			isa = PBXFileSystemSynchronizedRootGroup;
			exceptions = (
				F648A71F2EA92A0A00AF7DF1 /* Exceptions for "Randomizer" folder in "Randomizer" target */,
			);
			path = Randomizer;
			sourceTree = "<group>";
		};
		F648A7102EA92A0A00AF7DF1 /* RandomizerTests */ = {
			isa = PBXFileSystemSynchronizedRootGroup;
			path = RandomizerTests;
			sourceTree = "<group>";
		};
		F648A71A2EA92A0A00AF7DF1 /* RandomizerUITests */ = {
			isa = PBXFileSystemSynchronizedRootGroup;
			path = RandomizerUITests;
			sourceTree = "<group>";
		};
/* End PBXFileSystemSynchronizedRootGroup section */

/* Begin PBXFrameworksBuildPhase section */
		F648A6F42EA92A0900AF7DF1 /* Frameworks */ = {
			isa = PBXFrameworksBuildPhase;
			buildActionMask = 2147483647;
			files = (
			);
			runOnlyForDeploymentPostprocessing = 0;
		};
		F648A70A2EA92A0A00AF7DF1 /* Frameworks */ = {
			isa = PBXFrameworksBuildPhase;
			buildActionMask = 2147483647;
			files = (
			);
			runOnlyForDeploymentPostprocessing = 0;
		};
		F648A7142EA92A0A00AF7DF1 /* Frameworks */ = {
			isa = PBXFrameworksBuildPhase;
			buildActionMask = 2147483647;
			files = (
			);
			runOnlyForDeploymentPostprocessing = 0;
		};
/* End PBXFrameworksBuildPhase section */

/* Begin PBXGroup section */
		F648A6EE2EA92A0900AF7DF1 = {
			isa = PBXGroup;
			children = (
				F648A6F92EA92A0900AF7DF1 /* Randomizer */,
				F648A7102EA92A0A00AF7DF1 /* RandomizerTests */,
				F648A71A2EA92A0A00AF7DF1 /* RandomizerUITests */,
				F648A6F82EA92A0900AF7DF1 /* Products */,
			);
			sourceTree = "<group>";
		};
		F648A6F82EA92A0900AF7DF1 /* Products */ = {
			isa = PBXGroup;
			children = (
				F648A6F72EA92A0900AF7DF1 /* Randomizer.app */,
				F648A70D2EA92A0A00AF7DF1 /* RandomizerTests.xctest */,
				F648A7172EA92A0A00AF7DF1 /* RandomizerUITests.xctest */,
			);
			name = Products;
			sourceTree = "<group>";
		};
/* End PBXGroup section */

/* Begin PBXNativeTarget section */
		F648A6F62EA92A0900AF7DF1 /* Randomizer */ = {
			isa = PBXNativeTarget;
			buildConfigurationList = F648A7202EA92A0A00AF7DF1 /* Build configuration list for PBXNativeTarget "Randomizer" */;
			buildPhases = (
				F648A6F32EA92A0900AF7DF1 /* Sources */,
				F648A6F42EA92A0900AF7DF1 /* Frameworks */,
				F648A6F52EA92A0900AF7DF1 /* Resources */,
			);
			buildRules = (
			);
			dependencies = (
			);
			fileSystemSynchronizedGroups = (
				F648A6F92EA92A0900AF7DF1 /* Randomizer */,
			);
			name = Randomizer;
			packageProductDependencies = (
			);
			productName = Randomizer;
			productReference = F648A6F72EA92A0900AF7DF1 /* Randomizer.app */;
			productType = "com.apple.product-type.application";
		};
		F648A70C2EA92A0A00AF7DF1 /* RandomizerTests */ = {
			isa = PBXNativeTarget;
			buildConfigurationList = F648A7252EA92A0A00AF7DF1 /* Build configuration list for PBXNativeTarget "RandomizerTests" */;
			buildPhases = (
				F648A7092EA92A0A00AF7DF1 /* Sources */,
				F648A70A2EA92A0A00AF7DF1 /* Frameworks */,
				F648A70B2EA92A0A00AF7DF1 /* Resources */,
			);
			buildRules = (
			);
			dependencies = (
				F648A70F2EA92A0A00AF7DF1 /* PBXTargetDependency */,
			);
			fileSystemSynchronizedGroups = (
				F648A7102EA92A0A00AF7DF1 /* RandomizerTests */,
			);
			name = RandomizerTests;
			packageProductDependencies = (
			);
			productName = RandomizerTests;
			productReference = F648A70D2EA92A0A00AF7DF1 /* RandomizerTests.xctest */;
			productType = "com.apple.product-type.bundle.unit-test";
		};
		F648A7162EA92A0A00AF7DF1 /* RandomizerUITests */ = {
			isa = PBXNativeTarget;
			buildConfigurationList = F648A7282EA92A0A00AF7DF1 /* Build configuration list for PBXNativeTarget "RandomizerUITests" */;
			buildPhases = (
				F648A7132EA92A0A00AF7DF1 /* Sources */,
				F648A7142EA92A0A00AF7DF1 /* Frameworks */,
				F648A7152EA92A0A00AF7DF1 /* Resources */,
			);
			buildRules = (
			);
			dependencies = (
				F648A7192EA92A0A00AF7DF1 /* PBXTargetDependency */,
			);
			fileSystemSynchronizedGroups = (
				F648A71A2EA92A0A00AF7DF1 /* RandomizerUITests */,
			);
			name = RandomizerUITests;
			packageProductDependencies = (
			);
			productName = RandomizerUITests;
			productReference = F648A7172EA92A0A00AF7DF1 /* RandomizerUITests.xctest */;
			productType = "com.apple.product-type.bundle.ui-testing";
		};
/* End PBXNativeTarget section */

/* Begin PBXProject section */
		F648A6EF2EA92A0900AF7DF1 /* Project object */ = {
			isa = PBXProject;
			attributes = {
				BuildIndependentTargetsInParallel = 1;
				LastSwiftUpdateCheck = 1640;
				LastUpgradeCheck = 1640;
				TargetAttributes = {
					F648A6F62EA92A0900AF7DF1 = {
						CreatedOnToolsVersion = 16.4;
					};
					F648A70C2EA92A0A00AF7DF1 = {
						CreatedOnToolsVersion = 16.4;
						TestTargetID = F648A6F62EA92A0900AF7DF1;
					};
					F648A7162EA92A0A00AF7DF1 = {
						CreatedOnToolsVersion = 16.4;
						TestTargetID = F648A6F62EA92A0900AF7DF1;
					};
				};
			};
			buildConfigurationList = F648A6F22EA92A0900AF7DF1 /* Build configuration list for PBXProject "Randomizer" */;
			developmentRegion = en;
			hasScannedForEncodings = 0;
			knownRegions = (
				en,
				Base,
			);
			mainGroup = F648A6EE2EA92A0900AF7DF1;
			minimizedProjectReferenceProxies = 1;
			preferredProjectObjectVersion = 77;
			productRefGroup = F648A6F82EA92A0900AF7DF1 /* Products */;
			projectDirPath = "";
			projectRoot = "";
			targets = (
				F648A6F62EA92A0900AF7DF1 /* Randomizer */,
				F648A70C2EA92A0A00AF7DF1 /* RandomizerTests */,
				F648A7162EA92A0A00AF7DF1 /* RandomizerUITests */,
			);
		};
/* End PBXProject section */

/* Begin PBXResourcesBuildPhase section */
		F648A6F52EA92A0900AF7DF1 /* Resources */ = {
			isa = PBXResourcesBuildPhase;
			buildActionMask = 2147483647;
			files = (
			);
			runOnlyForDeploymentPostprocessing = 0;
		};
		F648A70B2EA92A0A00AF7DF1 /* Resources */ = {
			isa = PBXResourcesBuildPhase;
			buildActionMask = 2147483647;
			files = (
			);
			runOnlyForDeploymentPostprocessing = 0;
		};
		F648A7152EA92A0A00AF7DF1 /* Resources */ = {
			isa = PBXResourcesBuildPhase;
			buildActionMask = 2147483647;
			files = (
			);
			runOnlyForDeploymentPostprocessing = 0;
		};
/* End PBXResourcesBuildPhase section */

/* Begin PBXSourcesBuildPhase section */
		F648A6F32EA92A0900AF7DF1 /* Sources */ = {
			isa = PBXSourcesBuildPhase;
			buildActionMask = 2147483647;
			files = (
			);
			runOnlyForDeploymentPostprocessing = 0;
		};
		F648A7092EA92A0A00AF7DF1 /* Sources */ = {
			isa = PBXSourcesBuildPhase;
			buildActionMask = 2147483647;
			files = (
			);
			runOnlyForDeploymentPostprocessing = 0;
		};
		F648A7132EA92A0A00AF7DF1 /* Sources */ = {
			isa = PBXSourcesBuildPhase;
			buildActionMask = 2147483647;
			files = (
			);
			runOnlyForDeploymentPostprocessing = 0;
		};
/* End PBXSourcesBuildPhase section */

/* Begin PBXTargetDependency section */
		F648A70F2EA92A0A00AF7DF1 /* PBXTargetDependency */ = {
			isa = PBXTargetDependency;
			target = F648A6F62EA92A0900AF7DF1 /* Randomizer */;
			targetProxy = F648A70E2EA92A0A00AF7DF1 /* PBXContainerItemProxy */;
		};
		F648A7192EA92A0A00AF7DF1 /* PBXTargetDependency */ = {
			isa = PBXTargetDependency;
			target = F648A6F62EA92A0900AF7DF1 /* Randomizer */;
			targetProxy = F648A7182EA92A0A00AF7DF1 /* PBXContainerItemProxy */;
		};
/* End PBXTargetDependency section */

/* Begin XCBuildConfiguration section */
		F648A7212EA92A0A00AF7DF1 /* Debug */ = {
			isa = XCBuildConfiguration;
			buildSettings = {
				ASSETCATALOG_COMPILER_APPICON_NAME = AppIcon;
				ASSETCATALOG_COMPILER_GLOBAL_ACCENT_COLOR_NAME = AccentColor;
				CODE_SIGN_STYLE = Automatic;
				CURRENT_PROJECT_VERSION = 1;
				GENERATE_INFOPLIST_FILE = YES;
				INFOPLIST_FILE = Randomizer/Info.plist;
				INFOPLIST_KEY_UIApplicationSupportsIndirectInputEvents = YES;
				INFOPLIST_KEY_UILaunchStoryboardName = LaunchScreen;
				INFOPLIST_KEY_UIMainStoryboardFile = Main;
				INFOPLIST_KEY_UISupportedInterfaceOrientations_iPad = "UIInterfaceOrientationPortrait UIInterfaceOrientationPortraitUpsideDown UIInterfaceOrientationLandscapeLeft UIInterfaceOrientationLandscapeRight";
				INFOPLIST_KEY_UISupportedInterfaceOrientations_iPhone = "UIInterfaceOrientationPortrait UIInterfaceOrientationLandscapeLeft UIInterfaceOrientationLandscapeRight";
				LD_RUNPATH_SEARCH_PATHS = (
					"$(inherited)",
					"@executable_path/Frameworks",
				);
				MARKETING_VERSION = 1.0;
				PRODUCT_BUNDLE_IDENTIFIER = name.akerke.Randomizer;
				PRODUCT_NAME = "$(TARGET_NAME)";
				SWIFT_EMIT_LOC_STRINGS = YES;
				SWIFT_VERSION = 5.0;
				TARGETED_DEVICE_FAMILY = "1,2";
			};
			name = Debug;
		};
		F648A7222EA92A0A00AF7DF1 /* Release */ = {
			isa = XCBuildConfiguration;
			buildSettings = {
				ASSETCATALOG_COMPILER_APPICON_NAME = AppIcon;
				ASSETCATALOG_COMPILER_GLOBAL_ACCENT_COLOR_NAME = AccentColor;
				CODE_SIGN_STYLE = Automatic;
				CURRENT_PROJECT_VERSION = 1;
				GENERATE_INFOPLIST_FILE = YES;
				INFOPLIST_FILE = Randomizer/Info.plist;
				INFOPLIST_KEY_UIApplicationSupportsIndirectInputEvents = YES;
				INFOPLIST_KEY_UILaunchStoryboardName = LaunchScreen;
				INFOPLIST_KEY_UIMainStoryboardFile = Main;
				INFOPLIST_KEY_UISupportedInterfaceOrientations_iPad = "UIInterfaceOrientationPortrait UIInterfaceOrientationPortraitUpsideDown UIInterfaceOrientationLandscapeLeft UIInterfaceOrientationLandscapeRight";
				INFOPLIST_KEY_UISupportedInterfaceOrientations_iPhone = "UIInterfaceOrientationPortrait UIInterfaceOrientationLandscapeLeft UIInterfaceOrientationLandscapeRight";
				LD_RUNPATH_SEARCH_PATHS = (
					"$(inherited)",
					"@executable_path/Frameworks",
				);
				MARKETING_VERSION = 1.0;
				PRODUCT_BUNDLE_IDENTIFIER = name.akerke.Randomizer;
				PRODUCT_NAME = "$(TARGET_NAME)";
				SWIFT_EMIT_LOC_STRINGS = YES;
				SWIFT_VERSION = 5.0;
				TARGETED_DEVICE_FAMILY = "1,2";
			};
			name = Release;
		};
		F648A7232EA92A0A00AF7DF1 /* Debug */ = {
			isa = XCBuildConfiguration;
			buildSettings = {
				ALWAYS_SEARCH_USER_PATHS = NO;
				ASSETCATALOG_COMPILER_GENERATE_SWIFT_ASSET_SYMBOL_EXTENSIONS = YES;
				CLANG_ANALYZER_NONNULL = YES;
				CLANG_ANALYZER_NUMBER_OBJECT_CONVERSION = YES_AGGRESSIVE;
				CLANG_CXX_LANGUAGE_STANDARD = "gnu++20";
				CLANG_ENABLE_MODULES = YES;
				CLANG_ENABLE_OBJC_ARC = YES;
				CLANG_ENABLE_OBJC_WEAK = YES;
				CLANG_WARN_BLOCK_CAPTURE_AUTORELEASING = YES;
				CLANG_WARN_BOOL_CONVERSION = YES;
				CLANG_WARN_COMMA = YES;
				CLANG_WARN_CONSTANT_CONVERSION = YES;
				CLANG_WARN_DEPRECATED_OBJC_IMPLEMENTATIONS = YES;
				CLANG_WARN_DIRECT_OBJC_ISA_USAGE = YES_ERROR;
				CLANG_WARN_DOCUMENTATION_COMMENTS = YES;
				CLANG_WARN_EMPTY_BODY = YES;
				CLANG_WARN_ENUM_CONVERSION = YES;
				CLANG_WARN_INFINITE_RECURSION = YES;
				CLANG_WARN_INT_CONVERSION = YES;
				CLANG_WARN_NON_LITERAL_NULL_CONVERSION = YES;
				CLANG_WARN_OBJC_IMPLICIT_RETAIN_SELF = YES;
				CLANG_WARN_OBJC_LITERAL_CONVERSION = YES;
				CLANG_WARN_OBJC_ROOT_CLASS = YES_ERROR;
				CLANG_WARN_QUOTED_INCLUDE_IN_FRAMEWORK_HEADER = YES;
				CLANG_WARN_RANGE_LOOP_ANALYSIS = YES;
				CLANG_WARN_STRICT_PROTOTYPES = YES;
				CLANG_WARN_SUSPICIOUS_MOVE = YES;
				CLANG_WARN_UNGUARDED_AVAILABILITY = YES_AGGRESSIVE;
				CLANG_WARN_UNREACHABLE_CODE = YES;
				CLANG_WARN__DUPLICATE_METHOD_MATCH = YES;
				COPY_PHASE_STRIP = NO;
				DEBUG_INFORMATION_FORMAT = dwarf;
				ENABLE_STRICT_OBJC_MSGSEND = YES;
				ENABLE_TESTABILITY = YES;
				ENABLE_USER_SCRIPT_SANDBOXING = YES;
				GCC_C_LANGUAGE_STANDARD = gnu17;
				GCC_DYNAMIC_NO_PIC = NO;
				GCC_NO_COMMON_BLOCKS = YES;
				GCC_OPTIMIZATION_LEVEL = 0;
				GCC_PREPROCESSOR_DEFINITIONS = (
					"DEBUG=1",
					"$(inherited)",
				);
				GCC_WARN_64_TO_32_BIT_CONVERSION = YES;
				GCC_WARN_ABOUT_RETURN_TYPE = YES_ERROR;
				GCC_WARN_UNDECLARED_SELECTOR = YES;
				GCC_WARN_UNINITIALIZED_AUTOS = YES_AGGRESSIVE;
				GCC_WARN_UNUSED_FUNCTION = YES;
				GCC_WARN_UNUSED_VARIABLE = YES;
				IPHONEOS_DEPLOYMENT_TARGET = 18.5;
				LOCALIZATION_PREFERS_STRING_CATALOGS = YES;
				MTL_ENABLE_DEBUG_INFO = INCLUDE_SOURCE;
				MTL_FAST_MATH = YES;
				ONLY_ACTIVE_ARCH = YES;
				SDKROOT = iphoneos;
				SWIFT_ACTIVE_COMPILATION_CONDITIONS = "DEBUG $(inherited)";
				SWIFT_OPTIMIZATION_LEVEL = "-Onone";
			};
			name = Debug;
		};
		F648A7242EA92A0A00AF7DF1 /* Release */ = {
			isa = XCBuildConfiguration;
			buildSettings = {
				ALWAYS_SEARCH_USER_PATHS = NO;
				ASSETCATALOG_COMPILER_GENERATE_SWIFT_ASSET_SYMBOL_EXTENSIONS = YES;
				CLANG_ANALYZER_NONNULL = YES;
				CLANG_ANALYZER_NUMBER_OBJECT_CONVERSION = YES_AGGRESSIVE;
				CLANG_CXX_LANGUAGE_STANDARD = "gnu++20";
				CLANG_ENABLE_MODULES = YES;
				CLANG_ENABLE_OBJC_ARC = YES;
				CLANG_ENABLE_OBJC_WEAK = YES;
				CLANG_WARN_BLOCK_CAPTURE_AUTORELEASING = YES;
				CLANG_WARN_BOOL_CONVERSION = YES;
				CLANG_WARN_COMMA = YES;
				CLANG_WARN_CONSTANT_CONVERSION = YES;
				CLANG_WARN_DEPRECATED_OBJC_IMPLEMENTATIONS = YES;
				CLANG_WARN_DIRECT_OBJC_ISA_USAGE = YES_ERROR;
				CLANG_WARN_DOCUMENTATION_COMMENTS = YES;
				CLANG_WARN_EMPTY_BODY = YES;
				CLANG_WARN_ENUM_CONVERSION = YES;
				CLANG_WARN_INFINITE_RECURSION = YES;
				CLANG_WARN_INT_CONVERSION = YES;
				CLANG_WARN_NON_LITERAL_NULL_CONVERSION = YES;
				CLANG_WARN_OBJC_IMPLICIT_RETAIN_SELF = YES;
				CLANG_WARN_OBJC_LITERAL_CONVERSION = YES;
				CLANG_WARN_OBJC_ROOT_CLASS = YES_ERROR;
				CLANG_WARN_QUOTED_INCLUDE_IN_FRAMEWORK_HEADER = YES;
				CLANG_WARN_RANGE_LOOP_ANALYSIS = YES;
				CLANG_WARN_STRICT_PROTOTYPES = YES;
				CLANG_WARN_SUSPICIOUS_MOVE = YES;
				CLANG_WARN_UNGUARDED_AVAILABILITY = YES_AGGRESSIVE;
				CLANG_WARN_UNREACHABLE_CODE = YES;
				CLANG_WARN__DUPLICATE_METHOD_MATCH = YES;
				COPY_PHASE_STRIP = NO;
				DEBUG_INFORMATION_FORMAT = "dwarf-with-dsym";
				ENABLE_NS_ASSERTIONS = NO;
				ENABLE_STRICT_OBJC_MSGSEND = YES;
				ENABLE_USER_SCRIPT_SANDBOXING = YES;
				GCC_C_LANGUAGE_STANDARD = gnu17;
				GCC_NO_COMMON_BLOCKS = YES;
				GCC_WARN_64_TO_32_BIT_CONVERSION = YES;
				GCC_WARN_ABOUT_RETURN_TYPE = YES_ERROR;
				GCC_WARN_UNDECLARED_SELECTOR = YES;
				GCC_WARN_UNINITIALIZED_AUTOS = YES_AGGRESSIVE;
				GCC_WARN_UNUSED_FUNCTION = YES;
				GCC_WARN_UNUSED_VARIABLE = YES;
				IPHONEOS_DEPLOYMENT_TARGET = 18.5;
				LOCALIZATION_PREFERS_STRING_CATALOGS = YES;
				MTL_ENABLE_DEBUG_INFO = NO;
				MTL_FAST_MATH = YES;
				SDKROOT = iphoneos;
				SWIFT_COMPILATION_MODE = wholemodule;
				VALIDATE_PRODUCT = YES;
			};
			name = Release;
		};
		F648A7262EA92A0A00AF7DF1 /* Debug */ = {
			isa = XCBuildConfiguration;
			buildSettings = {
				BUNDLE_LOADER = "$(TEST_HOST)";
				CODE_SIGN_STYLE = Automatic;
				CURRENT_PROJECT_VERSION = 1;
				GENERATE_INFOPLIST_FILE = YES;
				IPHONEOS_DEPLOYMENT_TARGET = 18.5;
				MARKETING_VERSION = 1.0;
				PRODUCT_BUNDLE_IDENTIFIER = name.akerke.RandomizerTests;
				PRODUCT_NAME = "$(TARGET_NAME)";
				SWIFT_EMIT_LOC_STRINGS = NO;
				SWIFT_VERSION = 5.0;
				TARGETED_DEVICE_FAMILY = "1,2";
				TEST_HOST = "$(BUILT_PRODUCTS_DIR)/Randomizer.app/$(BUNDLE_EXECUTABLE_FOLDER_PATH)/Randomizer";
			};
			name = Debug;
		};
		F648A7272EA92A0A00AF7DF1 /* Release */ = {
			isa = XCBuildConfiguration;
			buildSettings = {
				BUNDLE_LOADER = "$(TEST_HOST)";
				CODE_SIGN_STYLE = Automatic;
				CURRENT_PROJECT_VERSION = 1;
				GENERATE_INFOPLIST_FILE = YES;
				IPHONEOS_DEPLOYMENT_TARGET = 18.5;
				MARKETING_VERSION = 1.0;
				PRODUCT_BUNDLE_IDENTIFIER = name.akerke.RandomizerTests;
				PRODUCT_NAME = "$(TARGET_NAME)";
				SWIFT_EMIT_LOC_STRINGS = NO;
				SWIFT_VERSION = 5.0;
				TARGETED_DEVICE_FAMILY = "1,2";
				TEST_HOST = "$(BUILT_PRODUCTS_DIR)/Randomizer.app/$(BUNDLE_EXECUTABLE_FOLDER_PATH)/Randomizer";
			};
			name = Release;
		};
		F648A7292EA92A0A00AF7DF1 /* Debug */ = {
			isa = XCBuildConfiguration;
			buildSettings = {
				CODE_SIGN_STYLE = Automatic;
				CURRENT_PROJECT_VERSION = 1;
				GENERATE_INFOPLIST_FILE = YES;
				MARKETING_VERSION = 1.0;
				PRODUCT_BUNDLE_IDENTIFIER = name.akerke.RandomizerUITests;
				PRODUCT_NAME = "$(TARGET_NAME)";
				SWIFT_EMIT_LOC_STRINGS = NO;
				SWIFT_VERSION = 5.0;
				TARGETED_DEVICE_FAMILY = "1,2";
				TEST_TARGET_NAME = Randomizer;
			};
			name = Debug;
		};
		F648A72A2EA92A0A00AF7DF1 /* Release */ = {
			isa = XCBuildConfiguration;
			buildSettings = {
				CODE_SIGN_STYLE = Automatic;
				CURRENT_PROJECT_VERSION = 1;
				GENERATE_INFOPLIST_FILE = YES;
				MARKETING_VERSION = 1.0;
				PRODUCT_BUNDLE_IDENTIFIER = name.akerke.RandomizerUITests;
				PRODUCT_NAME = "$(TARGET_NAME)";
				SWIFT_EMIT_LOC_STRINGS = NO;
				SWIFT_VERSION = 5.0;
				TARGETED_DEVICE_FAMILY = "1,2";
				TEST_TARGET_NAME = Randomizer;
			};
			name = Release;
		};
/* End XCBuildConfiguration section */

/* Begin XCConfigurationList section */
		F648A6F22EA92A0900AF7DF1 /* Build configuration list for PBXProject "Randomizer" */ = {
			isa = XCConfigurationList;
			buildConfigurations = (
				F648A7232EA92A0A00AF7DF1 /* Debug */,
				F648A7242EA92A0A00AF7DF1 /* Release */,
			);
			defaultConfigurationIsVisible = 0;
			defaultConfigurationName = Release;
		};
		F648A7202EA92A0A00AF7DF1 /* Build configuration list for PBXNativeTarget "Randomizer" */ = {
			isa = XCConfigurationList;
			buildConfigurations = (
				F648A7212EA92A0A00AF7DF1 /* Debug */,
				F648A7222EA92A0A00AF7DF1 /* Release */,
			);
			defaultConfigurationIsVisible = 0;
			defaultConfigurationName = Release;
		};
		F648A7252EA92A0A00AF7DF1 /* Build configuration list for PBXNativeTarget "RandomizerTests" */ = {
			isa = XCConfigurationList;
			buildConfigurations = (
				F648A7262EA92A0A00AF7DF1 /* Debug */,
				F648A7272EA92A0A00AF7DF1 /* Release */,
			);
			defaultConfigurationIsVisible = 0;
			defaultConfigurationName = Release;
		};
		F648A7282EA92A0A00AF7DF1 /* Build configuration list for PBXNativeTarget "RandomizerUITests" */ = {
			isa = XCConfigurationList;
			buildConfigurations = (
				F648A7292EA92A0A00AF7DF1 /* Debug */,
				F648A72A2EA92A0A00AF7DF1 /* Release */,
			);
			defaultConfigurationIsVisible = 0;
			defaultConfigurationName = Release;
		};
/* End XCConfigurationList section */
	};
	rootObject = F648A6EF2EA92A0900AF7DF1 /* Project object */;
}
